
Microsoft Visual Studio Solution File, Format Version 12.00
# Visual Studio Version 17
VisualStudioVersion = 17.11.35208.52
MinimumVisualStudioVersion = 10.0.40219.1
Project("{FAE04EC0-301F-11D3-BF4B-00C04F79EFBC}") = "block-learn-api", "block-learn-api\block-learn-api.csproj", "{4A6E7CA3-E42D-437C-89CA-85C273221C82}"
EndProject
Global
	GlobalSection(SolutionConfigurationPlatforms) = preSolution
		Debug|Any CPU = Debug|Any CPU
		Release|Any CPU = Release|Any CPU
	EndGlobalSection
	GlobalSection(ProjectConfigurationPlatforms) = postSolution
		{4A6E7CA3-E42D-437C-89CA-85C273221C82}.Debug|Any CPU.ActiveCfg = Debug|Any CPU
		{4A6E7CA3-E42D-437C-89CA-85C273221C82}.Debug|Any CPU.Build.0 = Debug|Any CPU
		{4A6E7CA3-E42D-437C-89CA-85C273221C82}.Release|Any CPU.ActiveCfg = Release|Any CPU
		{4A6E7CA3-E42D-437C-89CA-85C273221C82}.Release|Any CPU.Build.0 = Release|Any CPU
	EndGlobalSection
	GlobalSection(SolutionProperties) = preSolution
		HideSolutionNode = FALSE
	EndGlobalSection
	GlobalSection(ExtensibilityGlobals) = postSolution
		SolutionGuid = {A97BE879-397B-41FC-A5F8-7F76D787D61B}
	EndGlobalSection
EndGlobal
